Microsoft Visual Studio Solution File, Format Version 12.00
# Visual Studio 2012
Project("{FAE04EC0-301F-11D3-BF4B-00C04F79EFBC}") = "TRAFFIC SIMULATOR", "TRAFFIC SIMULATOR.csproj", "{A41212A0-0EC3-4B04-9B0A-066BFD070F5B}"
EndProject
Global
	GlobalSection(SolutionConfigurationPlatforms) = preSolution
	Debug|Any CPU = Debug|Any CPU
	ExportDebug|Any CPU = ExportDebug|Any CPU
	ExportRelease|Any CPU = ExportRelease|Any CPU
	EndGlobalSection
	GlobalSection(ProjectConfigurationPlatforms) = postSolution
		{A41212A0-0EC3-4B04-9B0A-066BFD070F5B}.Debug|Any CPU.ActiveCfg = Debug|Any CPU
		{A41212A0-0EC3-4B04-9B0A-066BFD070F5B}.Debug|Any CPU.Build.0 = Debug|Any CPU
		{A41212A0-0EC3-4B04-9B0A-066BFD070F5B}.ExportDebug|Any CPU.ActiveCfg = ExportDebug|Any CPU
		{A41212A0-0EC3-4B04-9B0A-066BFD070F5B}.ExportDebug|Any CPU.Build.0 = ExportDebug|Any CPU
		{A41212A0-0EC3-4B04-9B0A-066BFD070F5B}.ExportRelease|Any CPU.ActiveCfg = ExportRelease|Any CPU
		{A41212A0-0EC3-4B04-9B0A-066BFD070F5B}.ExportRelease|Any CPU.Build.0 = ExportRelease|Any CPU
	EndGlobalSection
EndGlobal
