Microsoft Visual Studio Solution File, Format Version 12.00
# Visual Studio 2012
Project("{FAE04EC0-301F-11D3-BF4B-00C04F79EFBC}") = "TrafficSimulator", "TrafficSimulator.csproj", "{993FA916-C700-4B3E-989C-917ACB15B3C1}"
EndProject
Global
	GlobalSection(SolutionConfigurationPlatforms) = preSolution
	Debug|Any CPU = Debug|Any CPU
	ExportDebug|Any CPU = ExportDebug|Any CPU
	ExportRelease|Any CPU = ExportRelease|Any CPU
	EndGlobalSection
	GlobalSection(ProjectConfigurationPlatforms) = postSolution
		{993FA916-C700-4B3E-989C-917ACB15B3C1}.Debug|Any CPU.ActiveCfg = Debug|Any CPU
		{993FA916-C700-4B3E-989C-917ACB15B3C1}.Debug|Any CPU.Build.0 = Debug|Any CPU
		{993FA916-C700-4B3E-989C-917ACB15B3C1}.ExportDebug|Any CPU.ActiveCfg = ExportDebug|Any CPU
		{993FA916-C700-4B3E-989C-917ACB15B3C1}.ExportDebug|Any CPU.Build.0 = ExportDebug|Any CPU
		{993FA916-C700-4B3E-989C-917ACB15B3C1}.ExportRelease|Any CPU.ActiveCfg = ExportRelease|Any CPU
		{993FA916-C700-4B3E-989C-917ACB15B3C1}.ExportRelease|Any CPU.Build.0 = ExportRelease|Any CPU
	EndGlobalSection
EndGlobal
